<?xml version="1.0" encoding="utf-8"?>
<Project ToolsVersion="4.0" xmlns="http://schemas.microsoft.com/developer/msbuild/2003">
  <ItemGroup>
    <Filter Include="Source Files">
      <UniqueIdentifier>{4FC737F1-C7A5-4376-A066-2A32D752A2FF}</UniqueIdentifier>
      <Extensions>cpp;c;cc;cxx;def;odl;idl;hpj;bat;asm;asmx</Extensions>
    </Filter>
    <Filter Include="Resource Files">
      <UniqueIdentifier>{67DA6AB6-F800-4c08-8B7A-83BB121AAD01}</UniqueIdentifier>
      <Extensions>rc;ico;cur;bmp;dlg;rc2;rct;bin;rgs;gif;jpg;jpeg;jpe;resx;tiff;tif;png;wav;mfcribbon-ms</Extensions>
    </Filter>
    <Filter Include="Source Files\gameobject">
      <UniqueIdentifier>{4bfa8ac0-12c0-4331-90d1-00520769a215}</UniqueIdentifier>
    </Filter>
    <Filter Include="Source Files\control">
      <UniqueIdentifier>{bff0e8ca-501a-4e6d-a516-503735ab38e4}</UniqueIdentifier>
    </Filter>
    <Filter Include="Source Files\data">
      <UniqueIdentifier>{07269852-340e-482e-8dc1-975841fe0a36}</UniqueIdentifier>
    </Filter>
    <Filter Include="Source Files\gameobject\bullet">
      <UniqueIdentifier>{94e875db-57e0-4996-a1db-d09c9716de7a}</UniqueIdentifier>
    </Filter>
    <Filter Include="Source Files\gameobject\plane">
      <UniqueIdentifier>{90df73ab-0952-47ab-a46c-80cd785e42ed}</UniqueIdentifier>
    </Filter>
    <Filter Include="Source Files\data\gamedata">
      <UniqueIdentifier>{0e69066d-42cf-4bc4-bcea-f0fc366f3376}</UniqueIdentifier>
    </Filter>
    <Filter Include="Source Files\data\resourcedata">
      <UniqueIdentifier>{87ff5c45-98a9-4ae8-ac48-84722d5827b0}</UniqueIdentifier>
    </Filter>
    <Filter Include="Source Files\gameobject\emitter">
      <UniqueIdentifier>{c8f03913-e7a7-4972-8392-978a0dd9241c}</UniqueIdentifier>
    </Filter>
    <Filter Include="Source Files\data\tinyxml">
      <UniqueIdentifier>{f23f0d2f-4807-4d10-a04f-1f56670b27b3}</UniqueIdentifier>
    </Filter>
    <Filter Include="Source Files\control\XmlParser">
      <UniqueIdentifier>{4b02a30f-69a6-44d3-a891-884b627c01e8}</UniqueIdentifier>
    </Filter>
    <Filter Include="Source Files\control\memu">
      <UniqueIdentifier>{28a52891-208d-477a-8540-25ac78ba7d2f}</UniqueIdentifier>
    </Filter>
    <Filter Include="Source Files\unit">
      <UniqueIdentifier>{f4451db4-dced-4fed-a994-47cfc5e9a2f7}</UniqueIdentifier>
    </Filter>
    <Filter Include="Source Files\control\generate">
      <UniqueIdentifier>{88925edc-52ba-4f9b-b1f0-adec8de6eca7}</UniqueIdentifier>
    </Filter>
    <Filter Include="Source Files\gameobject\explosion">
      <UniqueIdentifier>{97bba4ee-e68a-4016-8e11-c7dd52916ef7}</UniqueIdentifier>
    </Filter>
    <Filter Include="Source Files\control\XmlParser\stagexml">
      <UniqueIdentifier>{83123a20-6a01-453b-8b7e-e5029ab9d226}</UniqueIdentifier>
    </Filter>
    <Filter Include="Source Files\control\XmlParser\planexml">
      <UniqueIdentifier>{101f565b-e841-45cb-bda7-92ddbd562419}</UniqueIdentifier>
    </Filter>
    <Filter Include="Source Files\gameobject\sprite">
      <UniqueIdentifier>{627156c6-1a01-4453-951f-598dd14e8c4d}</UniqueIdentifier>
    </Filter>
    <Filter Include="Source Files\gameobject\prop">
      <UniqueIdentifier>{ef821106-545a-4ae8-87df-a27ef3a05a33}</UniqueIdentifier>
    </Filter>
    <Filter Include="Source Files\control\StagePlayer">
      <UniqueIdentifier>{25392ca6-6767-4b8f-a251-87a036c417c6}</UniqueIdentifier>
    </Filter>
    <Filter Include="Source Files\engine">
      <UniqueIdentifier>{9809ab10-adcd-4795-a271-4a6e75e00bef}</UniqueIdentifier>
    </Filter>
    <Filter Include="Source Files\scene">
      <UniqueIdentifier>{c2e8c3ed-0c2f-4d18-961a-f7f73cf3e43b}</UniqueIdentifier>
    </Filter>
    <Filter Include="Source Files\engine\audio">
      <UniqueIdentifier>{a5269a7c-82ae-422a-a8cd-9246fb4452a0}</UniqueIdentifier>
    </Filter>
    <Filter Include="Source Files\engine\input">
      <UniqueIdentifier>{5bcfd1ef-b7c4-4e5d-8149-75aa9a1ca629}</UniqueIdentifier>
    </Filter>
    <Filter Include="Source Files\engine\scene">
      <UniqueIdentifier>{877708e4-7a2e-4773-9255-c8b4e93b6674}</UniqueIdentifier>
    </Filter>
    <Filter Include="Source Files\gameobject\path">
      <UniqueIdentifier>{b784a653-d430-4236-badc-9bb4c60d5d7e}</UniqueIdentifier>
    </Filter>
    <Filter Include="Source Files\control\XmlParser\bulletxml">
      <UniqueIdentifier>{8dae147c-7143-4681-ab81-f61e22de10c1}</UniqueIdentifier>
    </Filter>
    <Filter Include="Source Files\control\game">
      <UniqueIdentifier>{06075621-45e2-41c5-9fa5-dc9a32be8871}</UniqueIdentifier>
    </Filter>
    <Filter Include="Source Files\control\XmlParser\blastxml">
      <UniqueIdentifier>{ab810189-0b8b-43e0-928c-377e8fc79030}</UniqueIdentifier>
    </Filter>
    <Filter Include="Source Files\player">
      <UniqueIdentifier>{3e9e8b43-e18f-490e-9358-351a12915bc6}</UniqueIdentifier>
    </Filter>
  </ItemGroup>
  <ItemGroup>
    <None Include="small.ico">
      <Filter>Resource Files</Filter>
    </None>
    <None Include="AV-CSG.ico">
      <Filter>Resource Files</Filter>
    </None>
  </ItemGroup>
  <ItemGroup>
    <ClInclude Include="AV-CSG.h">
      <Filter>Source Files</Filter>
    </ClInclude>
    <ClInclude Include="stdafx.h">
      <Filter>Source Files</Filter>
    </ClInclude>
    <ClInclude Include="Resource.h">
      <Filter>Resource Files</Filter>
    </ClInclude>
    <ClInclude Include="targetver.h">
      <Filter>Resource Files</Filter>
    </ClInclude>
    <ClInclude Include="..\Import\tinyxml-2.6.2\tinyxml.h">
      <Filter>Source Files\data\tinyxml</Filter>
    </ClInclude>
    <ClInclude Include="control\generate\EmitterGenerate.h">
      <Filter>Source Files\control\generate</Filter>
    </ClInclude>
    <ClInclude Include="control\generate\EnemyGenerate.h">
      <Filter>Source Files\control\generate</Filter>
    </ClInclude>
    <ClInclude Include="control\generate\Generator.h">
      <Filter>Source Files\control\generate</Filter>
    </ClInclude>
    <ClInclude Include="control\menu\MenuBase.h">
      <Filter>Source Files\control\memu</Filter>
    </ClInclude>
    <ClInclude Include="control\menu\MenuItem.h">
      <Filter>Source Files\control\memu</Filter>
    </ClInclude>
    <ClInclude Include="control\stage_player\GameStagePlayer.h">
      <Filter>Source Files\control\StagePlayer</Filter>
    </ClInclude>
    <ClInclude Include="control\xml_parser\Parse_def.h">
      <Filter>Source Files\control\XmlParser</Filter>
    </ClInclude>
    <ClInclude Include="control\xml_parser\XMLObject.h">
      <Filter>Source Files\control\XmlParser</Filter>
    </ClInclude>
    <ClInclude Include="control\xml_parser\BulletXMLObject.h">
      <Filter>Source Files\control\XmlParser\bulletxml</Filter>
    </ClInclude>
    <ClInclude Include="control\xml_parser\BulletXMLParser.h">
      <Filter>Source Files\control\XmlParser\bulletxml</Filter>
    </ClInclude>
    <ClInclude Include="control\xml_parser\PlaneXMLObject.h">
      <Filter>Source Files\control\XmlParser\planexml</Filter>
    </ClInclude>
    <ClInclude Include="control\xml_parser\StageXMLEnemyOBject.h">
      <Filter>Source Files\control\XmlParser\stagexml</Filter>
    </ClInclude>
    <ClInclude Include="control\xml_parser\StageXMLItemOBject.h">
      <Filter>Source Files\control\XmlParser\stagexml</Filter>
    </ClInclude>
    <ClInclude Include="control\xml_parser\StageXMLParser.h">
      <Filter>Source Files\control\XmlParser\stagexml</Filter>
    </ClInclude>
    <ClInclude Include="control\xml_parser\StageXMLStageObject.h">
      <Filter>Source Files\control\XmlParser\stagexml</Filter>
    </ClInclude>
    <ClInclude Include="control\game\GameControler.h">
      <Filter>Source Files\control\game</Filter>
    </ClInclude>
    <ClInclude Include="control\game\GameFrame.h">
      <Filter>Source Files\control\game</Filter>
    </ClInclude>
    <ClInclude Include="control\game\GameStatus.h">
      <Filter>Source Files\control\game</Filter>
    </ClInclude>
    <ClInclude Include="control\xml_parser\PlaneXMLParser.h">
      <Filter>Source Files\control\XmlParser\planexml</Filter>
    </ClInclude>
    <ClInclude Include="data\gamedata\Score.h">
      <Filter>Source Files\data\gamedata</Filter>
    </ClInclude>
    <ClInclude Include="data\resourcedata\Picture.h">
      <Filter>Source Files\data\resourcedata</Filter>
    </ClInclude>
    <ClInclude Include="data\resourcedata\PictureMap.h">
      <Filter>Source Files\data\resourcedata</Filter>
    </ClInclude>
    <ClInclude Include="data\resourcedata\PicturePool.h">
      <Filter>Source Files\data\resourcedata</Filter>
    </ClInclude>
    <ClInclude Include="engine\audio\AudioBuffer.h">
      <Filter>Source Files\engine\audio</Filter>
    </ClInclude>
    <ClInclude Include="engine\audio\AudioDescriptor.h">
      <Filter>Source Files\engine\audio</Filter>
    </ClInclude>
    <ClInclude Include="engine\audio\AudioEngine.h">
      <Filter>Source Files\engine\audio</Filter>
    </ClInclude>
    <ClInclude Include="engine\audio\AudioInput.h">
      <Filter>Source Files\engine\audio</Filter>
    </ClInclude>
    <ClInclude Include="engine\audio\AudioMemory.h">
      <Filter>Source Files\engine\audio</Filter>
    </ClInclude>
    <ClInclude Include="engine\audio\AudioSource.h">
      <Filter>Source Files\engine\audio</Filter>
    </ClInclude>
    <ClInclude Include="engine\audio\AudioStream.h">
      <Filter>Source Files\engine\audio</Filter>
    </ClInclude>
    <ClInclude Include="engine\audio\OggFile.h">
      <Filter>Source Files\engine\audio</Filter>
    </ClInclude>
    <ClInclude Include="engine\audio\WavFile.h">
      <Filter>Source Files\engine\audio</Filter>
    </ClInclude>
    <ClInclude Include="engine\input\InputEngine.h">
      <Filter>Source Files\engine\input</Filter>
    </ClInclude>
    <ClInclude Include="engine\input\MoveDirection.h">
      <Filter>Source Files\engine\input</Filter>
    </ClInclude>
    <ClInclude Include="engine\scene\SceneEngine.h">
      <Filter>Source Files\engine\scene</Filter>
    </ClInclude>
    <ClInclude Include="gameobject\bullet\BigBullet.h">
      <Filter>Source Files\gameobject\bullet</Filter>
    </ClInclude>
    <ClInclude Include="gameobject\bullet\Bullet.h">
      <Filter>Source Files\gameobject\bullet</Filter>
    </ClInclude>
    <ClInclude Include="gameobject\bullet\CurveBullet.h">
      <Filter>Source Files\gameobject\bullet</Filter>
    </ClInclude>
    <ClInclude Include="gameobject\bullet\TrackBullet.h">
      <Filter>Source Files\gameobject\bullet</Filter>
    </ClInclude>
    <ClInclude Include="gameobject\emitter\AimEmitter.h">
      <Filter>Source Files\gameobject\emitter</Filter>
    </ClInclude>
    <ClInclude Include="gameobject\emitter\BigBulletEmitter.h">
      <Filter>Source Files\gameobject\emitter</Filter>
    </ClInclude>
    <ClInclude Include="gameobject\emitter\CurveEmitter.h">
      <Filter>Source Files\gameobject\emitter</Filter>
    </ClInclude>
    <ClInclude Include="gameobject\emitter\IEmitter.h">
      <Filter>Source Files\gameobject\emitter</Filter>
    </ClInclude>
    <ClInclude Include="gameobject\emitter\Line3Emitter.h">
      <Filter>Source Files\gameobject\emitter</Filter>
    </ClInclude>
    <ClInclude Include="gameobject\emitter\Line8Emitter.h">
      <Filter>Source Files\gameobject\emitter</Filter>
    </ClInclude>
    <ClInclude Include="gameobject\emitter\LineEmitter.h">
      <Filter>Source Files\gameobject\emitter</Filter>
    </ClInclude>
    <ClInclude Include="gameobject\emitter\SpinEmitter.h">
      <Filter>Source Files\gameobject\emitter</Filter>
    </ClInclude>
    <ClInclude Include="gameobject\emitter\TrackEmitter.h">
      <Filter>Source Files\gameobject\emitter</Filter>
    </ClInclude>
    <ClInclude Include="gameobject\explosion\Explosion.h">
      <Filter>Source Files\gameobject\explosion</Filter>
    </ClInclude>
    <ClInclude Include="gameobject\path\PathBase.h">
      <Filter>Source Files\gameobject\path</Filter>
    </ClInclude>
    <ClInclude Include="gameobject\path\PathLine.h">
      <Filter>Source Files\gameobject\path</Filter>
    </ClInclude>
    <ClInclude Include="gameobject\plane\EnemyPlane.h">
      <Filter>Source Files\gameobject\plane</Filter>
    </ClInclude>
    <ClInclude Include="gameobject\plane\IPlane.h">
      <Filter>Source Files\gameobject\plane</Filter>
    </ClInclude>
    <ClInclude Include="gameobject\plane\SelfPlane.h">
      <Filter>Source Files\gameobject\plane</Filter>
    </ClInclude>
    <ClInclude Include="gameobject\prop\Prop.h">
      <Filter>Source Files\gameobject\prop</Filter>
    </ClInclude>
    <ClInclude Include="gameobject\sprite\ISprite.h">
      <Filter>Source Files\gameobject\sprite</Filter>
    </ClInclude>
    <ClInclude Include="gameobject\sprite\Sprite.h">
      <Filter>Source Files\gameobject\sprite</Filter>
    </ClInclude>
    <ClInclude Include="scene\GameScene.h">
      <Filter>Source Files\scene</Filter>
    </ClInclude>
    <ClInclude Include="scene\GameScene_Pause.h">
      <Filter>Source Files\scene</Filter>
    </ClInclude>
    <ClInclude Include="scene\GameScene_Play.h">
      <Filter>Source Files\scene</Filter>
    </ClInclude>
    <ClInclude Include="unit\GameDef.h">
      <Filter>Source Files\unit</Filter>
    </ClInclude>
    <ClInclude Include="unit\PictureDef.h">
      <Filter>Source Files\unit</Filter>
    </ClInclude>
    <ClInclude Include="unit\Singleton.h">
      <Filter>Source Files\unit</Filter>
    </ClInclude>
    <ClInclude Include="unit\Unit.h">
      <Filter>Source Files\unit</Filter>
    </ClInclude>
    <ClInclude Include="control\xml_parser\BlastXMLObject.h">
      <Filter>Source Files\control\XmlParser\blastxml</Filter>
    </ClInclude>
    <ClInclude Include="control\xml_parser\BlastXMLParser.h">
      <Filter>Source Files\control\XmlParser\blastxml</Filter>
    </ClInclude>
    <ClInclude Include="player\player.h">
      <Filter>Source Files\player</Filter>
    </ClInclude>
    <ClInclude Include="player\player_savedata.h">
      <Filter>Source Files\player</Filter>
    </ClInclude>
    <ClInclude Include="player\player_gamestatus.h">
      <Filter>Source Files\player</Filter>
    </ClInclude>
    <ClInclude Include="player\player_property.h">
      <Filter>Source Files\player</Filter>
    </ClInclude>
    <ClInclude Include="player\player_skill.h">
      <Filter>Source Files\player</Filter>
    </ClInclude>
  </ItemGroup>
  <ItemGroup>
    <ClCompile Include="AV-CSG.cpp">
      <Filter>Source Files</Filter>
    </ClCompile>
    <ClCompile Include="stdafx.cpp">
      <Filter>Resource Files</Filter>
    </ClCompile>
    <ClCompile Include="..\Import\tinyxml-2.6.2\tinyxml.cpp">
      <Filter>Source Files\data\tinyxml</Filter>
    </ClCompile>
    <ClCompile Include="..\Import\tinyxml-2.6.2\tinyxmlerror.cpp">
      <Filter>Source Files\data\tinyxml</Filter>
    </ClCompile>
    <ClCompile Include="..\Import\tinyxml-2.6.2\tinyxmlparser.cpp">
      <Filter>Source Files\data\tinyxml</Filter>
    </ClCompile>
    <ClCompile Include="control\generate\EmitterGenerate.cpp">
      <Filter>Source Files\control\generate</Filter>
    </ClCompile>
    <ClCompile Include="control\generate\EnemyGenerate.cpp">
      <Filter>Source Files\control\generate</Filter>
    </ClCompile>
    <ClCompile Include="control\generate\Generator.cpp">
      <Filter>Source Files\control\generate</Filter>
    </ClCompile>
    <ClCompile Include="control\stage_player\GameStagePlayer.cpp">
      <Filter>Source Files\control\StagePlayer</Filter>
    </ClCompile>
    <ClCompile Include="control\xml_parser\XMLObject.cpp">
      <Filter>Source Files\control\XmlParser</Filter>
    </ClCompile>
    <ClCompile Include="control\xml_parser\BulletXMLObject.cpp">
      <Filter>Source Files\control\XmlParser\bulletxml</Filter>
    </ClCompile>
    <ClCompile Include="control\xml_parser\BulletXMLParser.cpp">
      <Filter>Source Files\control\XmlParser\bulletxml</Filter>
    </ClCompile>
    <ClCompile Include="control\xml_parser\PlaneXMLObject.cpp">
      <Filter>Source Files\control\XmlParser\planexml</Filter>
    </ClCompile>
    <ClCompile Include="control\xml_parser\StageXMLEnemyOBject.cpp">
      <Filter>Source Files\control\XmlParser\stagexml</Filter>
    </ClCompile>
    <ClCompile Include="control\xml_parser\StageXMLItemOBject.cpp">
      <Filter>Source Files\control\XmlParser\stagexml</Filter>
    </ClCompile>
    <ClCompile Include="control\xml_parser\StageXMLParser.cpp">
      <Filter>Source Files\control\XmlParser\stagexml</Filter>
    </ClCompile>
    <ClCompile Include="control\xml_parser\StageXMLStageObject.cpp">
      <Filter>Source Files\control\XmlParser\stagexml</Filter>
    </ClCompile>
    <ClCompile Include="control\game\GameControler.cpp">
      <Filter>Source Files\control\game</Filter>
    </ClCompile>
    <ClCompile Include="control\game\GameFrame.cpp">
      <Filter>Source Files\control\game</Filter>
    </ClCompile>
    <ClCompile Include="control\game\GameStatus.cpp">
      <Filter>Source Files\control\game</Filter>
    </ClCompile>
    <ClCompile Include="control\xml_parser\PlaneXMLParser.cpp">
      <Filter>Source Files\control\XmlParser\planexml</Filter>
    </ClCompile>
    <ClCompile Include="data\gamedata\Score.cpp">
      <Filter>Source Files\data\gamedata</Filter>
    </ClCompile>
    <ClCompile Include="data\resourcedata\Picture.cpp">
      <Filter>Source Files\data\resourcedata</Filter>
    </ClCompile>
    <ClCompile Include="data\resourcedata\PictureMap.cpp">
      <Filter>Source Files\data\resourcedata</Filter>
    </ClCompile>
    <ClCompile Include="data\resourcedata\PicturePool.cpp">
      <Filter>Source Files\data\resourcedata</Filter>
    </ClCompile>
    <ClCompile Include="engine\audio\AudioBuffer.cpp">
      <Filter>Source Files\engine\audio</Filter>
    </ClCompile>
    <ClCompile Include="engine\audio\AudioDescriptor.cpp">
      <Filter>Source Files\engine\audio</Filter>
    </ClCompile>
    <ClCompile Include="engine\audio\AudioEngine.cpp">
      <Filter>Source Files\engine\audio</Filter>
    </ClCompile>
    <ClCompile Include="engine\audio\AudioInput.cpp">
      <Filter>Source Files\engine\audio</Filter>
    </ClCompile>
    <ClCompile Include="engine\audio\AudioMemory.cpp">
      <Filter>Source Files\engine\audio</Filter>
    </ClCompile>
    <ClCompile Include="engine\audio\AudioSource.cpp">
      <Filter>Source Files\engine\audio</Filter>
    </ClCompile>
    <ClCompile Include="engine\audio\AudioStream.cpp">
      <Filter>Source Files\engine\audio</Filter>
    </ClCompile>
    <ClCompile Include="engine\audio\OggFile.cpp">
      <Filter>Source Files\engine\audio</Filter>
    </ClCompile>
    <ClCompile Include="engine\audio\WavFile.cpp">
      <Filter>Source Files\engine\audio</Filter>
    </ClCompile>
    <ClCompile Include="engine\input\InputEngine.cpp">
      <Filter>Source Files\engine\input</Filter>
    </ClCompile>
    <ClCompile Include="engine\scene\SceneEngine.cpp">
      <Filter>Source Files\engine\scene</Filter>
    </ClCompile>
    <ClCompile Include="gameobject\bullet\BigBullet.cpp">
      <Filter>Source Files\gameobject\bullet</Filter>
    </ClCompile>
    <ClCompile Include="gameobject\bullet\Bullet.cpp">
      <Filter>Source Files\gameobject\bullet</Filter>
    </ClCompile>
    <ClCompile Include="gameobject\bullet\CurveBullet.cpp">
      <Filter>Source Files\gameobject\bullet</Filter>
    </ClCompile>
    <ClCompile Include="gameobject\bullet\TrackBullet.cpp">
      <Filter>Source Files\gameobject\bullet</Filter>
    </ClCompile>
    <ClCompile Include="gameobject\emitter\AimEmitter.cpp">
      <Filter>Source Files\gameobject\emitter</Filter>
    </ClCompile>
    <ClCompile Include="gameobject\emitter\BigBulletEmitter.cpp">
      <Filter>Source Files\gameobject\emitter</Filter>
    </ClCompile>
    <ClCompile Include="gameobject\emitter\CurveEmitter.cpp">
      <Filter>Source Files\gameobject\emitter</Filter>
    </ClCompile>
    <ClCompile Include="gameobject\emitter\Line3Emitter.cpp">
      <Filter>Source Files\gameobject\emitter</Filter>
    </ClCompile>
    <ClCompile Include="gameobject\emitter\Line8Emitter.cpp">
      <Filter>Source Files\gameobject\emitter</Filter>
    </ClCompile>
    <ClCompile Include="gameobject\emitter\LineEmitter.cpp">
      <Filter>Source Files\gameobject\emitter</Filter>
    </ClCompile>
    <ClCompile Include="gameobject\emitter\SpinEmitter.cpp">
      <Filter>Source Files\gameobject\emitter</Filter>
    </ClCompile>
    <ClCompile Include="gameobject\emitter\TrackEmitter.cpp">
      <Filter>Source Files\gameobject\emitter</Filter>
    </ClCompile>
    <ClCompile Include="gameobject\explosion\Explosion.cpp">
      <Filter>Source Files\gameobject\explosion</Filter>
    </ClCompile>
    <ClCompile Include="gameobject\path\PathBase.cpp">
      <Filter>Source Files\gameobject\path</Filter>
    </ClCompile>
    <ClCompile Include="gameobject\path\PathLine.cpp">
      <Filter>Source Files\gameobject\path</Filter>
    </ClCompile>
    <ClCompile Include="gameobject\plane\EnemyPlane.cpp">
      <Filter>Source Files\gameobject\plane</Filter>
    </ClCompile>
    <ClCompile Include="gameobject\plane\SelfPlane.cpp">
      <Filter>Source Files\gameobject\plane</Filter>
    </ClCompile>
    <ClCompile Include="gameobject\prop\Prop.cpp">
      <Filter>Source Files\gameobject\prop</Filter>
    </ClCompile>
    <ClCompile Include="gameobject\sprite\Sprite.cpp">
      <Filter>Source Files\gameobject\sprite</Filter>
    </ClCompile>
    <ClCompile Include="scene\GameScene_Pause.cpp">
      <Filter>Source Files\scene</Filter>
    </ClCompile>
    <ClCompile Include="scene\GameScene_Play.cpp">
      <Filter>Source Files\scene</Filter>
    </ClCompile>
    <ClCompile Include="unit\Unit.cpp">
      <Filter>Source Files\unit</Filter>
    </ClCompile>
    <ClCompile Include="control\xml_parser\BlastXMLParser.cpp">
      <Filter>Source Files\control\XmlParser\blastxml</Filter>
    </ClCompile>
    <ClCompile Include="control\xml_parser\BlastXMLObject.cpp">
      <Filter>Source Files\control\XmlParser\blastxml</Filter>
    </ClCompile>
    <ClCompile Include="player\player.cpp">
      <Filter>Source Files\player</Filter>
    </ClCompile>
    <ClCompile Include="player\player_savedata.cpp">
      <Filter>Source Files\player</Filter>
    </ClCompile>
    <ClCompile Include="player\player_gamestatus.cpp">
      <Filter>Source Files\player</Filter>
    </ClCompile>
    <ClCompile Include="player\player_property.cpp">
      <Filter>Source Files\player</Filter>
    </ClCompile>
    <ClCompile Include="player\player_skill.cpp">
      <Filter>Source Files\player</Filter>
    </ClCompile>
  </ItemGroup>
  <ItemGroup>
    <ResourceCompile Include="AV-CSG.rc">
      <Filter>Resource Files</Filter>
    </ResourceCompile>
  </ItemGroup>
</Project>