<?xml version="1.0" encoding="utf-8"?>
<Project ToolsVersion="4.0" xmlns="http://schemas.microsoft.com/developer/msbuild/2003">
  <ItemGroup>
    <Filter Include="Source Files">
      <UniqueIdentifier>{4FC737F1-C7A5-4376-A066-2A32D752A2FF}</UniqueIdentifier>
      <Extensions>cpp;c;cc;cxx;def;odl;idl;hpj;bat;asm;asmx</Extensions>
    </Filter>
    <Filter Include="Resource Files">
      <UniqueIdentifier>{67DA6AB6-F800-4c08-8B7A-83BB121AAD01}</UniqueIdentifier>
      <Extensions>rc;ico;cur;bmp;dlg;rc2;rct;bin;rgs;gif;jpg;jpeg;jpe;resx;tiff;tif;png;wav;mfcribbon-ms</Extensions>
    </Filter>
    <Filter Include="Source Files\gameobject">
      <UniqueIdentifier>{4bfa8ac0-12c0-4331-90d1-00520769a215}</UniqueIdentifier>
    </Filter>
    <Filter Include="Source Files\control">
      <UniqueIdentifier>{bff0e8ca-501a-4e6d-a516-503735ab38e4}</UniqueIdentifier>
    </Filter>
    <Filter Include="Source Files\data">
      <UniqueIdentifier>{07269852-340e-482e-8dc1-975841fe0a36}</UniqueIdentifier>
    </Filter>
    <Filter Include="Source Files\gameobject\bullet">
      <UniqueIdentifier>{94e875db-57e0-4996-a1db-d09c9716de7a}</UniqueIdentifier>
    </Filter>
    <Filter Include="Source Files\gameobject\plane">
      <UniqueIdentifier>{90df73ab-0952-47ab-a46c-80cd785e42ed}</UniqueIdentifier>
    </Filter>
  </ItemGroup>
  <ItemGroup>
    <None Include="small.ico">
      <Filter>Resource Files</Filter>
    </None>
    <None Include="AV-CSG.ico">
      <Filter>Resource Files</Filter>
    </None>
  </ItemGroup>
  <ItemGroup>
    <ClInclude Include="AV-CSG.h">
      <Filter>Source Files</Filter>
    </ClInclude>
    <ClInclude Include="stdafx.h">
      <Filter>Source Files</Filter>
    </ClInclude>
    <ClInclude Include="Explosion.h">
      <Filter>Source Files\gameobject</Filter>
    </ClInclude>
    <ClInclude Include="Sprite.h">
      <Filter>Source Files\gameobject</Filter>
    </ClInclude>
    <ClInclude Include="GameControler.h">
      <Filter>Source Files\control</Filter>
    </ClInclude>
    <ClInclude Include="Picture.h">
      <Filter>Source Files\data</Filter>
    </ClInclude>
    <ClInclude Include="Resource.h">
      <Filter>Resource Files</Filter>
    </ClInclude>
    <ClInclude Include="targetver.h">
      <Filter>Resource Files</Filter>
    </ClInclude>
    <ClInclude Include="GameDef.h">
      <Filter>Source Files</Filter>
    </ClInclude>
    <ClInclude Include="ISprite.h">
      <Filter>Source Files\gameobject</Filter>
    </ClInclude>
    <ClInclude Include="GameFrame.h">
      <Filter>Source Files\control</Filter>
    </ClInclude>
    <ClInclude Include="PicturePool.h">
      <Filter>Source Files\data</Filter>
    </ClInclude>
    <ClInclude Include="Bullet.h">
      <Filter>Source Files\gameobject\bullet</Filter>
    </ClInclude>
    <ClInclude Include="PrincipalPlane.h">
      <Filter>Source Files\gameobject\plane</Filter>
    </ClInclude>
    <ClInclude Include="EnemyPlane.h">
      <Filter>Source Files\gameobject\plane</Filter>
    </ClInclude>
    <ClInclude Include="IPlane.h">
      <Filter>Source Files\gameobject\plane</Filter>
    </ClInclude>
    <ClInclude Include="BigBullet.h">
      <Filter>Source Files\gameobject\bullet</Filter>
    </ClInclude>
  </ItemGroup>
  <ItemGroup>
    <ClCompile Include="AV-CSG.cpp">
      <Filter>Source Files</Filter>
    </ClCompile>
    <ClCompile Include="Explosion.cpp">
      <Filter>Source Files\gameobject</Filter>
    </ClCompile>
    <ClCompile Include="Sprite.cpp">
      <Filter>Source Files\gameobject</Filter>
    </ClCompile>
    <ClCompile Include="GameControler.cpp">
      <Filter>Source Files\control</Filter>
    </ClCompile>
    <ClCompile Include="Picture.cpp">
      <Filter>Source Files\data</Filter>
    </ClCompile>
    <ClCompile Include="stdafx.cpp">
      <Filter>Resource Files</Filter>
    </ClCompile>
    <ClCompile Include="GameFrame.cpp">
      <Filter>Source Files\control</Filter>
    </ClCompile>
    <ClCompile Include="PicturePool.cpp">
      <Filter>Source Files\data</Filter>
    </ClCompile>
    <ClCompile Include="Bullet.cpp">
      <Filter>Source Files\gameobject\bullet</Filter>
    </ClCompile>
    <ClCompile Include="PrincipalPlane.cpp">
      <Filter>Source Files\gameobject\plane</Filter>
    </ClCompile>
    <ClCompile Include="EnemyPlane.cpp">
      <Filter>Source Files\gameobject\plane</Filter>
    </ClCompile>
    <ClCompile Include="BigBullet.cpp">
      <Filter>Source Files\gameobject\bullet</Filter>
    </ClCompile>
  </ItemGroup>
  <ItemGroup>
    <ResourceCompile Include="AV-CSG.rc">
      <Filter>Resource Files</Filter>
    </ResourceCompile>
  </ItemGroup>
</Project>